github.com/tyzerrr/spanneranalyzerwasm2go v0.2.0 h1:FYAvVjK/RU6IpO6JeWjBEqF6AEJvnBnC2eE6Pr/ha8g=
github.com/tyzerrr/spanneranalyzerwasm2go v0.2.0/go.mod h1:zAqqaDbOQY5yYpCaRmhAoi6TbUa83omWm3uTxflVAb8=
github.com/tyzerrr/spanneranalyzerwasm2go/base v0.2.0 h1:JA3fa2YQcIOQO4i4SrUwLB1sRJnqX1k59MoBQj0WNg0=
github.com/tyzerrr/spanneranalyzerwasm2go/base v0.2.0/go.mod h1:hkQMRvLVN0wWU/EiP61srTRNegic7GAuwcIg1KMpkJ4=
github.com/tyzerrr/spanneranalyzerwasm2go/p0 v0.2.0 h1:ISmbo8/YJQJ6GS1JjgYBlapTtYQ/lgCpCWVmAcxVLPA=
github.com/tyzerrr/spanneranalyzerwasm2go/p0 v0.2.0/go.mod h1:y2+rnMbeg3OwqLtA4UIfKEvaDfnyQU+SIhnj9KLJ9h8=
github.com/tyzerrr/spanneranalyzerwasm2go/p1 v0.2.0 h1:r/K1CegJuwJjm8JSTVQI960tBl+5YT/VuzOugLWx//Y=
github.com/tyzerrr/spanneranalyzerwasm2go/p1 v0.2.0/go.mod h1:4zaLFnBVihw3K6NhBS9Lyg5Zezm+B8mQitsmV2HfNt4=
github.com/tyzerrr/spanneranalyzerwasm2go/p10 v0.2.0 h1:UwlYB41R4vDsf3QVpOAyQlK9TVmeqy9gcq0oaSvJA1o=
github.com/tyzerrr/spanneranalyzerwasm2go/p10 v0.2.0/go.mod h1:f/AEwmMusMLqY+GcKZAZ4iAYnsKEuL53VTSbz8gbCA8=
github.com/tyzerrr/spanneranalyzerwasm2go/p11 v0.2.0 h1:2KtlFu2ph2tvjJWtrtMNG70OMvDYLMatUkcXTT/6Vlo=
github.com/tyzerrr/spanneranalyzerwasm2go/p11 v0.2.0/go.mod h1:eDDlw0+LYLlwHj47bi3FUf32EwvMqAiMosRsajOS3mg=
github.com/tyzerrr/spanneranalyzerwasm2go/p2 v0.2.0 h1:83wnPaZ0CIls/GRpMzLt3Wf2PoDr024KHNjSQ9mbu4o=
github.com/tyzerrr/spanneranalyzerwasm2go/p2 v0.2.0/go.mod h1:oGQegxioGgi0XNF3VKJpEKmk8hHIQCjglR+MaQGzgkE=
github.com/tyzerrr/spanneranalyzerwasm2go/p3 v0.2.0 h1:4JcwLWQwdi5QpLqS7DLXRbH4u+IVufYCiPT7UGHAZ6E=
github.com/tyzerrr/spanneranalyzerwasm2go/p3 v0.2.0/go.mod h1:OpvL8Eqq/SI3r5qxIg3qGlcSRNwnk/149s3a0jSMvOo=
github.com/tyzerrr/spanneranalyzerwasm2go/p4 v0.2.0 h1:jAppFqFg/MvhDNvLcH8ASae09AFIjdP2E81mjbfq3+Q=
github.com/tyzerrr/spanneranalyzerwasm2go/p4 v0.2.0/go.mod h1:zSuLLzk+jGGYWoF0DP/Gp1x5nWyRQpKp9xLVJ/2AaIg=
github.com/tyzerrr/spanneranalyzerwasm2go/p5 v0.2.0 h1:UlA1+1LeTChv6iqzgnzWbTmA1zLkQZidr2V6UAa3P38=
github.com/tyzerrr/spanneranalyzerwasm2go/p5 v0.2.0/go.mod h1:dRRnjC/3taMqr8KuBaN5Umhb0ake4Adume+EngltPlw=
github.com/tyzerrr/spanneranalyzerwasm2go/p6 v0.2.0 h1:kzoRyM8/HtClVOGorl5kJNn0FCGwdxmqXVKDH7hCkMU=
github.com/tyzerrr/spanneranalyzerwasm2go/p6 v0.2.0/go.mod h1:9vO6F4tksbha9I7AqO0OK11CGj7tPC21JHsEBRwuDzM=
github.com/tyzerrr/spanneranalyzerwasm2go/p7 v0.2.0 h1:nPT2gtM3wx7pn/q3I3R3rirN3RUGq0SwkO9hReWCUl4=
github.com/tyzerrr/spanneranalyzerwasm2go/p7 v0.2.0/go.mod h1:dO0Z+xsE7S11YoHlTH16r+xss4HBI33fJlP7AGi34LI=
github.com/tyzerrr/spanneranalyzerwasm2go/p8 v0.2.0 h1:VODqvluohQeylNlXgELZttoESqUq+Vl8tlsuZKOlW0Q=
github.com/tyzerrr/spanneranalyzerwasm2go/p8 v0.2.0/go.mod h1:EdEhk58kamCZbt2QzHKgYc36OH32KcLRCZnG1AocCjY=
github.com/tyzerrr/spanneranalyzerwasm2go/p9 v0.2.0 h1:QFu023E5eAuzNabb5krV7PPi65cZdvrFFm99pXe0+GM=
github.com/tyzerrr/spanneranalyzerwasm2go/p9 v0.2.0/go.mod h1:dOJjw0urB4XEtVUtflyR3uCrrT5hlVvgu3ayJuupz4E=
