github.com/tyzerrr/spanneranalyzerwasm2go v0.1.1 h1:eBnoC4UmYdpNCTjDVigy7RD2zlQLUdKDZRFSBFkKNVo=
github.com/tyzerrr/spanneranalyzerwasm2go v0.1.1/go.mod h1:gPDvdCmGAGexlOnZwnMTSZNx/dALB8xlX9szqLo1wlc=
github.com/tyzerrr/spanneranalyzerwasm2go/base v0.1.1 h1:9Y9eekFCdHBd7EjRIha3JqAXYa1XG58BJQiVYvuWaEs=
github.com/tyzerrr/spanneranalyzerwasm2go/base v0.1.1/go.mod h1:ZTaS5HVFJW7yxIS1piaoIWbqJMe69OlaJ8PRetPuYo0=
github.com/tyzerrr/spanneranalyzerwasm2go/p0 v0.1.1 h1:P+UeKQjRwxz4wQ3TqlT1ijsunoZLyor5Rf/E4C5ITBU=
github.com/tyzerrr/spanneranalyzerwasm2go/p0 v0.1.1/go.mod h1:8wCTHqzJDUYlpQVG7EHUP2zt84gvhRSFebKze6uwWpk=
github.com/tyzerrr/spanneranalyzerwasm2go/p1 v0.1.1 h1:2rP2KY4khTvhevjydgOAZiW/CV0VUEeEolXJydTr914=
github.com/tyzerrr/spanneranalyzerwasm2go/p1 v0.1.1/go.mod h1:KGy1Y1huf7wFdH9+RNnfgQrSIX2P6Xmkun7fs2qcNLY=
github.com/tyzerrr/spanneranalyzerwasm2go/p10 v0.1.1 h1:txpaqQZNymIhqYOvToZP4Ug+NvLKiaUFtra3pCg4XjE=
github.com/tyzerrr/spanneranalyzerwasm2go/p10 v0.1.1/go.mod h1:C1Q4L4ZpDsTY4cIuMQYDn8pgIW2O3ejISsP/meu1JdU=
github.com/tyzerrr/spanneranalyzerwasm2go/p11 v0.1.1 h1:cbPfhWcwR+95WddOBvXbhfTwYU8xne8WB4OHJtzCr/0=
github.com/tyzerrr/spanneranalyzerwasm2go/p11 v0.1.1/go.mod h1:Q85lSUtleYO032r+HxqQs2EvXb3XqfViZMoe8lOG1fQ=
github.com/tyzerrr/spanneranalyzerwasm2go/p2 v0.1.1 h1:+HPloYOSsJ0dEVAemMLmP3LDF73oR7Acm4hK/r89kuI=
github.com/tyzerrr/spanneranalyzerwasm2go/p2 v0.1.1/go.mod h1:165bJCgJnNzlrHGPY3ToiREINsYuzJ2dwlw6f9QM+TA=
github.com/tyzerrr/spanneranalyzerwasm2go/p3 v0.1.1 h1:tshTuO7yRInLk2LXlYhEnNQv7rP9o9gGBmgstsdbXcU=
github.com/tyzerrr/spanneranalyzerwasm2go/p3 v0.1.1/go.mod h1:Px3rMZ5TrupWUaYHR1RA+GwoXEOt+b6rNlhGJck4oRM=
github.com/tyzerrr/spanneranalyzerwasm2go/p4 v0.1.1 h1:n9o93WLvjGYNwh8+4MxWsGbn6JV989+8Xukmg3CE7nE=
github.com/tyzerrr/spanneranalyzerwasm2go/p4 v0.1.1/go.mod h1:wSy7GHglnf8sR/dshtahEIemWxCFeiZ08f9lJTpc3nw=
github.com/tyzerrr/spanneranalyzerwasm2go/p5 v0.1.1 h1:mx74oKCSh/ZkQYVsrkBwfirSnzxWL7LQ991a5fyKGD8=
github.com/tyzerrr/spanneranalyzerwasm2go/p5 v0.1.1/go.mod h1:ad3HYXQWpnoxJs5zEvm8JYJoypGA1GlTVEq3Njg/74U=
github.com/tyzerrr/spanneranalyzerwasm2go/p6 v0.1.1 h1:noI/RV32cjLpUMBFQ3SY+cgvHFDU1L+rd6E2X/w/GX4=
github.com/tyzerrr/spanneranalyzerwasm2go/p6 v0.1.1/go.mod h1:IgYn6VgymELrjtRiIgyMBLtToVCK1zTc48/Fivi5YEc=
github.com/tyzerrr/spanneranalyzerwasm2go/p7 v0.1.1 h1:LbibR0wZoOVCnBLDnwqUmSsIDKL+eUgYrvWAE5jP7Ak=
github.com/tyzerrr/spanneranalyzerwasm2go/p7 v0.1.1/go.mod h1:lHuG4oTiVEo/RzDJ0/7t6RQ5jEEvHdFSdKaClo5UnnA=
github.com/tyzerrr/spanneranalyzerwasm2go/p8 v0.1.1 h1:nKfyf3KzHz4U4yyaWi3vlcAyNryZ0OeV2M3WaNYmTwg=
github.com/tyzerrr/spanneranalyzerwasm2go/p8 v0.1.1/go.mod h1:rbBM7wlxujnVNmr63pPoUveWvQh5hvzS8K0bL6k4IGU=
github.com/tyzerrr/spanneranalyzerwasm2go/p9 v0.1.1 h1:vgx+nkQCB0vrwPeXX8+HBvBHcrxIomi6jor9JvAsIdU=
github.com/tyzerrr/spanneranalyzerwasm2go/p9 v0.1.1/go.mod h1:Cy7XECnbTz5xYgh61IfjeReTsOaJjMvuKjfeUo1RcyA=
